
Microsoft Visual Studio Solution File, Format Version 10.00
# Visual Studio 2008
Project("{8BC9CEB8-8B4A-11D0-8D11-00A0C91BC942}") = "BackPropagation", "BackPropagation.vcproj", "{9D191A01-331F-4D61-995C-BA5E6EC6514C}"
EndProject
Global
	GlobalSection(SolutionConfigurationPlatforms) = preSolution
		Debug|Win32 = Debug|Win32
		Release|Win32 = Release|Win32
	EndGlobalSection
	GlobalSection(ProjectConfigurationPlatforms) = postSolution
		{9D191A01-331F-4D61-995C-BA5E6EC6514C}.Debug|Win32.ActiveCfg = Debug|Win32
		{9D191A01-331F-4D61-995C-BA5E6EC6514C}.Debug|Win32.Build.0 = Debug|Win32
		{9D191A01-331F-4D61-995C-BA5E6EC6514C}.Release|Win32.ActiveCfg = Release|Win32
		{9D191A01-331F-4D61-995C-BA5E6EC6514C}.Release|Win32.Build.0 = Release|Win32
	EndGlobalSection
	GlobalSection(SolutionProperties) = preSolution
		HideSolutionNode = FALSE
	EndGlobalSection
EndGlobal
